// !$*UTF8*$!
{
	archiveVersion = 1;
	classes = {
	};
	objectVersion = 46;
	objects = {

/* Begin PBXBuildFile section */
		9A02E7421EF112400094226B /* VideoViewController.swift in Sources */ = {isa = PBXBuildFile; fileRef = 9A02E7401EF112400094226B /* VideoViewController.swift */; };
		9A02E7461EF113000094226B /* BaseViewController.swift in Sources */ = {isa = PBXBuildFile; fileRef = 9A02E7451EF113000094226B /* BaseViewController.swift */; };
		9A02E7481EF116F90094226B /* VideoRecoderViewController.swift in Sources */ = {isa = PBXBuildFile; fileRef = 9A02E7471EF116F90094226B /* VideoRecoderViewController.swift */; };
		9A02E74B1EF119AF0094226B /* CycleProgressView.swift in Sources */ = {isa = PBXBuildFile; fileRef = 9A02E74A1EF119AF0094226B /* CycleProgressView.swift */; };
		9A153B3F1EFA613300E23D22 /* PhotoCollectionViewCell.swift in Sources */ = {isa = PBXBuildFile; fileRef = 9A153B3E1EFA613300E23D22 /* PhotoCollectionViewCell.swift */; };
		9A1919D51EF37B5E002997AC /* PhotoListViewController.swift in Sources */ = {isa = PBXBuildFile; fileRef = 9A1919D41EF37B5E002997AC /* PhotoListViewController.swift */; };
		9A5D8A821F0CC76B0015057C /* AblumViewController.swift in Sources */ = {isa = PBXBuildFile; fileRef = 9A5D8A801F0CC76B0015057C /* AblumViewController.swift */; };
		9A5D8A831F0CC76B0015057C /* AblumViewController.xib in Resources */ = {isa = PBXBuildFile; fileRef = 9A5D8A811F0CC76B0015057C /* AblumViewController.xib */; };
		9A5D8A851F0CC7F40015057C /* PhotoDetailViewController.swift in Sources */ = {isa = PBXBuildFile; fileRef = 9A5D8A841F0CC7F40015057C /* PhotoDetailViewController.swift */; };
		9A95F8751EEFD2AE001B1FD9 /* RecordMusicViewController.swift in Sources */ = {isa = PBXBuildFile; fileRef = 9A95F8741EEFD2AE001B1FD9 /* RecordMusicViewController.swift */; };
		9A95F8771EEFDDE6001B1FD9 /* RecordMusiceTool.swift in Sources */ = {isa = PBXBuildFile; fileRef = 9A95F8761EEFDDE6001B1FD9 /* RecordMusiceTool.swift */; };
		9AE956051EE4FCEF00B2DA6B /* AppDelegate.swift in Sources */ = {isa = PBXBuildFile; fileRef = 9AE956041EE4FCEF00B2DA6B /* AppDelegate.swift */; };
		9AE956071EE4FCEF00B2DA6B /* ViewController.swift in Sources */ = {isa = PBXBuildFile; fileRef = 9AE956061EE4FCEF00B2DA6B /* ViewController.swift */; };
		9AE9560A1EE4FCEF00B2DA6B /* Main.storyboard in Resources */ = {isa = PBXBuildFile; fileRef = 9AE956081EE4FCEF00B2DA6B /* Main.storyboard */; };
		9AE9560C1EE4FCEF00B2DA6B /* Assets.xcassets in Resources */ = {isa = PBXBuildFile; fileRef = 9AE9560B1EE4FCEF00B2DA6B /* Assets.xcassets */; };
		9AE9560F1EE4FCEF00B2DA6B /* LaunchScreen.storyboard in Resources */ = {isa = PBXBuildFile; fileRef = 9AE9560D1EE4FCEF00B2DA6B /* LaunchScreen.storyboard */; };
		9AE956171EE4FF6800B2DA6B /* FirstViewController.swift in Sources */ = {isa = PBXBuildFile; fileRef = 9AE956161EE4FF6800B2DA6B /* FirstViewController.swift */; };
/* End PBXBuildFile section */

/* Begin PBXFileReference section */
		9A02E7401EF112400094226B /* VideoViewController.swift */ = {isa = PBXFileReference; fileEncoding = 4; lastKnownFileType = sourcecode.swift; path = VideoViewController.swift; sourceTree = "<group>"; };
		9A02E7451EF113000094226B /* BaseViewController.swift */ = {isa = PBXFileReference; fileEncoding = 4; lastKnownFileType = sourcecode.swift; path = BaseViewController.swift; sourceTree = "<group>"; };
		9A02E7471EF116F90094226B /* VideoRecoderViewController.swift */ = {isa = PBXFileReference; fileEncoding = 4; lastKnownFileType = sourcecode.swift; path = VideoRecoderViewController.swift; sourceTree = "<group>"; };
		9A02E74A1EF119AF0094226B /* CycleProgressView.swift */ = {isa = PBXFileReference; fileEncoding = 4; lastKnownFileType = sourcecode.swift; path = CycleProgressView.swift; sourceTree = "<group>"; };
		9A153B3E1EFA613300E23D22 /* PhotoCollectionViewCell.swift */ = {isa = PBXFileReference; fileEncoding = 4; lastKnownFileType = sourcecode.swift; path = PhotoCollectionViewCell.swift; sourceTree = "<group>"; };
		9A1919D41EF37B5E002997AC /* PhotoListViewController.swift */ = {isa = PBXFileReference; fileEncoding = 4; lastKnownFileType = sourcecode.swift; path = PhotoListViewController.swift; sourceTree = "<group>"; };
		9A5D8A801F0CC76B0015057C /* AblumViewController.swift */ = {isa = PBXFileReference; fileEncoding = 4; lastKnownFileType = sourcecode.swift; path = AblumViewController.swift; sourceTree = "<group>"; };
		9A5D8A811F0CC76B0015057C /* AblumViewController.xib */ = {isa = PBXFileReference; fileEncoding = 4; lastKnownFileType = file.xib; path = AblumViewController.xib; sourceTree = "<group>"; };
		9A5D8A841F0CC7F40015057C /* PhotoDetailViewController.swift */ = {isa = PBXFileReference; fileEncoding = 4; lastKnownFileType = sourcecode.swift; path = PhotoDetailViewController.swift; sourceTree = "<group>"; };
		9A95F8741EEFD2AE001B1FD9 /* RecordMusicViewController.swift */ = {isa = PBXFileReference; fileEncoding = 4; lastKnownFileType = sourcecode.swift; path = RecordMusicViewController.swift; sourceTree = "<group>"; };
		9A95F8761EEFDDE6001B1FD9 /* RecordMusiceTool.swift */ = {isa = PBXFileReference; fileEncoding = 4; lastKnownFileType = sourcecode.swift; path = RecordMusiceTool.swift; sourceTree = "<group>"; };
		9AE956011EE4FCEF00B2DA6B /* Swift-Tools.app */ = {isa = PBXFileReference; explicitFileType = wrapper.application; includeInIndex = 0; path = "Swift-Tools.app"; sourceTree = BUILT_PRODUCTS_DIR; };
		9AE956041EE4FCEF00B2DA6B /* AppDelegate.swift */ = {isa = PBXFileReference; lastKnownFileType = sourcecode.swift; path = AppDelegate.swift; sourceTree = "<group>"; };
		9AE956061EE4FCEF00B2DA6B /* ViewController.swift */ = {isa = PBXFileReference; lastKnownFileType = sourcecode.swift; path = ViewController.swift; sourceTree = "<group>"; };
		9AE956091EE4FCEF00B2DA6B /* Base */ = {isa = PBXFileReference; lastKnownFileType = file.storyboard; name = Base; path = Base.lproj/Main.storyboard; sourceTree = "<group>"; };
		9AE9560B1EE4FCEF00B2DA6B /* Assets.xcassets */ = {isa = PBXFileReference; lastKnownFileType = folder.assetcatalog; path = Assets.xcassets; sourceTree = "<group>"; };
		9AE9560E1EE4FCEF00B2DA6B /* Base */ = {isa = PBXFileReference; lastKnownFileType = file.storyboard; name = Base; path = Base.lproj/LaunchScreen.storyboard; sourceTree = "<group>"; };
		9AE956101EE4FCEF00B2DA6B /* Info.plist */ = {isa = PBXFileReference; lastKnownFileType = text.plist.xml; path = Info.plist; sourceTree = "<group>"; };
		9AE956161EE4FF6800B2DA6B /* FirstViewController.swift */ = {isa = PBXFileReference; fileEncoding = 4; lastKnownFileType = sourcecode.swift; path = FirstViewController.swift; sourceTree = "<group>"; };
/* End PBXFileReference section */

/* Begin PBXFrameworksBuildPhase section */
		9AE955FE1EE4FCEF00B2DA6B /* Frameworks */ = {
			isa = PBXFrameworksBuildPhase;
			buildActionMask = 2147483647;
			files = (
			);
			runOnlyForDeploymentPostprocessing = 0;
		};
/* End PBXFrameworksBuildPhase section */

/* Begin PBXGroup section */
		9A02E73F1EF111F60094226B /* Video */ = {
			isa = PBXGroup;
			children = (
				9A02E7401EF112400094226B /* VideoViewController.swift */,
				9A02E7471EF116F90094226B /* VideoRecoderViewController.swift */,
			);
			name = Video;
			sourceTree = "<group>";
		};
		9A02E7441EF112E70094226B /* Base */ = {
			isa = PBXGroup;
			children = (
				9A02E7451EF113000094226B /* BaseViewController.swift */,
			);
			name = Base;
			sourceTree = "<group>";
		};
		9A02E7491EF1196A0094226B /* Views */ = {
			isa = PBXGroup;
			children = (
				9A02E74A1EF119AF0094226B /* CycleProgressView.swift */,
			);
			name = Views;
			sourceTree = "<group>";
		};
		9A1919D31EF37B3E002997AC /* PhotosList */ = {
			isa = PBXGroup;
			children = (
				9A5D8A841F0CC7F40015057C /* PhotoDetailViewController.swift */,
				9A1919D41EF37B5E002997AC /* PhotoListViewController.swift */,
				9A153B3E1EFA613300E23D22 /* PhotoCollectionViewCell.swift */,
				9A5D8A801F0CC76B0015057C /* AblumViewController.swift */,
				9A5D8A811F0CC76B0015057C /* AblumViewController.xib */,
			);
			name = PhotosList;
			sourceTree = "<group>";
		};
		9AE955F81EE4FCEF00B2DA6B = {
			isa = PBXGroup;
			children = (
				9AE956031EE4FCEF00B2DA6B /* Swift-Tools */,
				9AE956021EE4FCEF00B2DA6B /* Products */,
			);
			sourceTree = "<group>";
		};
		9AE956021EE4FCEF00B2DA6B /* Products */ = {
			isa = PBXGroup;
			children = (
				9AE956011EE4FCEF00B2DA6B /* Swift-Tools.app */,
			);
			name = Products;
			sourceTree = "<group>";
		};
		9AE956031EE4FCEF00B2DA6B /* Swift-Tools */ = {
			isa = PBXGroup;
			children = (
				9A1919D31EF37B3E002997AC /* PhotosList */,
				9A02E7491EF1196A0094226B /* Views */,
				9A02E7441EF112E70094226B /* Base */,
				9A02E73F1EF111F60094226B /* Video */,
				9AE956041EE4FCEF00B2DA6B /* AppDelegate.swift */,
				9AE956061EE4FCEF00B2DA6B /* ViewController.swift */,
				9AE956161EE4FF6800B2DA6B /* FirstViewController.swift */,
				9A95F8741EEFD2AE001B1FD9 /* RecordMusicViewController.swift */,
				9A95F8761EEFDDE6001B1FD9 /* RecordMusiceTool.swift */,
				9AE956081EE4FCEF00B2DA6B /* Main.storyboard */,
				9AE9560B1EE4FCEF00B2DA6B /* Assets.xcassets */,
				9AE9560D1EE4FCEF00B2DA6B /* LaunchScreen.storyboard */,
				9AE956101EE4FCEF00B2DA6B /* Info.plist */,
			);
			path = "Swift-Tools";
			sourceTree = "<group>";
		};
/* End PBXGroup section */

/* Begin PBXNativeTarget section */
		9AE956001EE4FCEF00B2DA6B /* Swift-Tools */ = {
			isa = PBXNativeTarget;
			buildConfigurationList = 9AE956131EE4FCEF00B2DA6B /* Build configuration list for PBXNativeTarget "Swift-Tools" */;
			buildPhases = (
				9AE955FD1EE4FCEF00B2DA6B /* Sources */,
				9AE955FE1EE4FCEF00B2DA6B /* Frameworks */,
				9AE955FF1EE4FCEF00B2DA6B /* Resources */,
			);
			buildRules = (
			);
			dependencies = (
			);
			name = "Swift-Tools";
			productName = "Swift-Tools";
			productReference = 9AE956011EE4FCEF00B2DA6B /* Swift-Tools.app */;
			productType = "com.apple.product-type.application";
		};
/* End PBXNativeTarget section */

/* Begin PBXProject section */
		9AE955F91EE4FCEF00B2DA6B /* Project object */ = {
			isa = PBXProject;
			attributes = {
				LastSwiftUpdateCheck = 0810;
				LastUpgradeCheck = 0810;
				ORGANIZATIONNAME = "许菠菠";
				TargetAttributes = {
					9AE956001EE4FCEF00B2DA6B = {
						CreatedOnToolsVersion = 8.1;
						DevelopmentTeam = KDWLXRW984;
						ProvisioningStyle = Automatic;
					};
				};
			};
			buildConfigurationList = 9AE955FC1EE4FCEF00B2DA6B /* Build configuration list for PBXProject "Swift-Tools" */;
			compatibilityVersion = "Xcode 3.2";
			developmentRegion = English;
			hasScannedForEncodings = 0;
			knownRegions = (
				en,
				Base,
			);
			mainGroup = 9AE955F81EE4FCEF00B2DA6B;
			productRefGroup = 9AE956021EE4FCEF00B2DA6B /* Products */;
			projectDirPath = "";
			projectRoot = "";
			targets = (
				9AE956001EE4FCEF00B2DA6B /* Swift-Tools */,
			);
		};
/* End PBXProject section */

/* Begin PBXResourcesBuildPhase section */
		9AE955FF1EE4FCEF00B2DA6B /* Resources */ = {
			isa = PBXResourcesBuildPhase;
			buildActionMask = 2147483647;
			files = (
				9A5D8A831F0CC76B0015057C /* AblumViewController.xib in Resources */,
				9AE9560F1EE4FCEF00B2DA6B /* LaunchScreen.storyboard in Resources */,
				9AE9560C1EE4FCEF00B2DA6B /* Assets.xcassets in Resources */,
				9AE9560A1EE4FCEF00B2DA6B /* Main.storyboard in Resources */,
			);
			runOnlyForDeploymentPostprocessing = 0;
		};
/* End PBXResourcesBuildPhase section */

/* Begin PBXSourcesBuildPhase section */
		9AE955FD1EE4FCEF00B2DA6B /* Sources */ = {
			isa = PBXSourcesBuildPhase;
			buildActionMask = 2147483647;
			files = (
				9AE956171EE4FF6800B2DA6B /* FirstViewController.swift in Sources */,
				9A95F8751EEFD2AE001B1FD9 /* RecordMusicViewController.swift in Sources */,
				9A02E7481EF116F90094226B /* VideoRecoderViewController.swift in Sources */,
				9A02E7421EF112400094226B /* VideoViewController.swift in Sources */,
				9A5D8A821F0CC76B0015057C /* AblumViewController.swift in Sources */,
				9A5D8A851F0CC7F40015057C /* PhotoDetailViewController.swift in Sources */,
				9A95F8771EEFDDE6001B1FD9 /* RecordMusiceTool.swift in Sources */,
				9A1919D51EF37B5E002997AC /* PhotoListViewController.swift in Sources */,
				9A02E74B1EF119AF0094226B /* CycleProgressView.swift in Sources */,
				9AE956071EE4FCEF00B2DA6B /* ViewController.swift in Sources */,
				9A02E7461EF113000094226B /* BaseViewController.swift in Sources */,
				9A153B3F1EFA613300E23D22 /* PhotoCollectionViewCell.swift in Sources */,
				9AE956051EE4FCEF00B2DA6B /* AppDelegate.swift in Sources */,
			);
			runOnlyForDeploymentPostprocessing = 0;
		};
/* End PBXSourcesBuildPhase section */

/* Begin PBXVariantGroup section */
		9AE956081EE4FCEF00B2DA6B /* Main.storyboard */ = {
			isa = PBXVariantGroup;
			children = (
				9AE956091EE4FCEF00B2DA6B /* Base */,
			);
			name = Main.storyboard;
			sourceTree = "<group>";
		};
		9AE9560D1EE4FCEF00B2DA6B /* LaunchScreen.storyboard */ = {
			isa = PBXVariantGroup;
			children = (
				9AE9560E1EE4FCEF00B2DA6B /* Base */,
			);
			name = LaunchScreen.storyboard;
			sourceTree = "<group>";
		};
/* End PBXVariantGroup section */

/* Begin XCBuildConfiguration section */
		9AE956111EE4FCEF00B2DA6B /* Debug */ = {
			isa = XCBuildConfiguration;
			buildSettings = {
				ALWAYS_SEARCH_USER_PATHS = NO;
				CLANG_ANALYZER_NONNULL = YES;
				CLANG_CXX_LANGUAGE_STANDARD = "gnu++0x";
				CLANG_CXX_LIBRARY = "libc++";
				CLANG_ENABLE_MODULES = YES;
				CLANG_ENABLE_OBJC_ARC = YES;
				CLANG_WARN_BOOL_CONVERSION = YES;
				CLANG_WARN_CONSTANT_CONVERSION = YES;
				CLANG_WARN_DIRECT_OBJC_ISA_USAGE = YES_ERROR;
				CLANG_WARN_DOCUMENTATION_COMMENTS = YES;
				CLANG_WARN_EMPTY_BODY = YES;
				CLANG_WARN_ENUM_CONVERSION = YES;
				CLANG_WARN_INFINITE_RECURSION = YES;
				CLANG_WARN_INT_CONVERSION = YES;
				CLANG_WARN_OBJC_ROOT_CLASS = YES_ERROR;
				CLANG_WARN_SUSPICIOUS_MOVES = YES;
				CLANG_WARN_UNREACHABLE_CODE = YES;
				CLANG_WARN__DUPLICATE_METHOD_MATCH = YES;
				"CODE_SIGN_IDENTITY[sdk=iphoneos*]" = "iPhone Developer";
				COPY_PHASE_STRIP = NO;
				DEBUG_INFORMATION_FORMAT = dwarf;
				ENABLE_STRICT_OBJC_MSGSEND = YES;
				ENABLE_TESTABILITY = YES;
				GCC_C_LANGUAGE_STANDARD = gnu99;
				GCC_DYNAMIC_NO_PIC = NO;
				GCC_NO_COMMON_BLOCKS = YES;
				GCC_OPTIMIZATION_LEVEL = 0;
				GCC_PREPROCESSOR_DEFINITIONS = (
					"DEBUG=1",
					"$(inherited)",
				);
				GCC_WARN_64_TO_32_BIT_CONVERSION = YES;
				GCC_WARN_ABOUT_RETURN_TYPE = YES_ERROR;
				GCC_WARN_UNDECLARED_SELECTOR = YES;
				GCC_WARN_UNINITIALIZED_AUTOS = YES_AGGRESSIVE;
				GCC_WARN_UNUSED_FUNCTION = YES;
				GCC_WARN_UNUSED_VARIABLE = YES;
				IPHONEOS_DEPLOYMENT_TARGET = 10.1;
				MTL_ENABLE_DEBUG_INFO = YES;
				ONLY_ACTIVE_ARCH = YES;
				SDKROOT = iphoneos;
				SWIFT_ACTIVE_COMPILATION_CONDITIONS = DEBUG;
				SWIFT_OPTIMIZATION_LEVEL = "-Onone";
				TARGETED_DEVICE_FAMILY = "1,2";
			};
			name = Debug;
		};
		9AE956121EE4FCEF00B2DA6B /* Release */ = {
			isa = XCBuildConfiguration;
			buildSettings = {
				ALWAYS_SEARCH_USER_PATHS = NO;
				CLANG_ANALYZER_NONNULL = YES;
				CLANG_CXX_LANGUAGE_STANDARD = "gnu++0x";
				CLANG_CXX_LIBRARY = "libc++";
				CLANG_ENABLE_MODULES = YES;
				CLANG_ENABLE_OBJC_ARC = YES;
				CLANG_WARN_BOOL_CONVERSION = YES;
				CLANG_WARN_CONSTANT_CONVERSION = YES;
				CLANG_WARN_DIRECT_OBJC_ISA_USAGE = YES_ERROR;
				CLANG_WARN_DOCUMENTATION_COMMENTS = YES;
				CLANG_WARN_EMPTY_BODY = YES;
				CLANG_WARN_ENUM_CONVERSION = YES;
				CLANG_WARN_INFINITE_RECURSION = YES;
				CLANG_WARN_INT_CONVERSION = YES;
				CLANG_WARN_OBJC_ROOT_CLASS = YES_ERROR;
				CLANG_WARN_SUSPICIOUS_MOVES = YES;
				CLANG_WARN_UNREACHABLE_CODE = YES;
				CLANG_WARN__DUPLICATE_METHOD_MATCH = YES;
				"CODE_SIGN_IDENTITY[sdk=iphoneos*]" = "iPhone Developer";
				COPY_PHASE_STRIP = NO;
				DEBUG_INFORMATION_FORMAT = "dwarf-with-dsym";
				ENABLE_NS_ASSERTIONS = NO;
				ENABLE_STRICT_OBJC_MSGSEND = YES;
				GCC_C_LANGUAGE_STANDARD = gnu99;
				GCC_NO_COMMON_BLOCKS = YES;
				GCC_WARN_64_TO_32_BIT_CONVERSION = YES;
				GCC_WARN_ABOUT_RETURN_TYPE = YES_ERROR;
				GCC_WARN_UNDECLARED_SELECTOR = YES;
				GCC_WARN_UNINITIALIZED_AUTOS = YES_AGGRESSIVE;
				GCC_WARN_UNUSED_FUNCTION = YES;
				GCC_WARN_UNUSED_VARIABLE = YES;
				IPHONEOS_DEPLOYMENT_TARGET = 10.1;
				MTL_ENABLE_DEBUG_INFO = NO;
				SDKROOT = iphoneos;
				SWIFT_OPTIMIZATION_LEVEL = "-Owholemodule";
				TARGETED_DEVICE_FAMILY = "1,2";
				VALIDATE_PRODUCT = YES;
			};
			name = Release;
		};
		9AE956141EE4FCEF00B2DA6B /* Debug */ = {
			isa = XCBuildConfiguration;
			buildSettings = {
				ASSETCATALOG_COMPILER_APPICON_NAME = AppIcon;
				DEVELOPMENT_TEAM = KDWLXRW984;
				INFOPLIST_FILE = "Swift-Tools/Info.plist";
				LD_RUNPATH_SEARCH_PATHS = "$(inherited) @executable_path/Frameworks";
				PRODUCT_BUNDLE_IDENTIFIER = "xvbobo.Swift-Tools";
				PRODUCT_NAME = "$(TARGET_NAME)";
				SWIFT_VERSION = 3.0;
			};
			name = Debug;
		};
		9AE956151EE4FCEF00B2DA6B /* Release */ = {
			isa = XCBuildConfiguration;
			buildSettings = {
				ASSETCATALOG_COMPILER_APPICON_NAME = AppIcon;
				DEVELOPMENT_TEAM = KDWLXRW984;
				INFOPLIST_FILE = "Swift-Tools/Info.plist";
				LD_RUNPATH_SEARCH_PATHS = "$(inherited) @executable_path/Frameworks";
				PRODUCT_BUNDLE_IDENTIFIER = "xvbobo.Swift-Tools";
				PRODUCT_NAME = "$(TARGET_NAME)";
				SWIFT_VERSION = 3.0;
			};
			name = Release;
		};
/* End XCBuildConfiguration section */

/* Begin XCConfigurationList section */
		9AE955FC1EE4FCEF00B2DA6B /* Build configuration list for PBXProject "Swift-Tools" */ = {
			isa = XCConfigurationList;
			buildConfigurations = (
				9AE956111EE4FCEF00B2DA6B /* Debug */,
				9AE956121EE4FCEF00B2DA6B /* Release */,
			);
			defaultConfigurationIsVisible = 0;
			defaultConfigurationName = Release;
		};
		9AE956131EE4FCEF00B2DA6B /* Build configuration list for PBXNativeTarget "Swift-Tools" */ = {
			isa = XCConfigurationList;
			buildConfigurations = (
				9AE956141EE4FCEF00B2DA6B /* Debug */,
				9AE956151EE4FCEF00B2DA6B /* Release */,
			);
			defaultConfigurationIsVisible = 0;
			defaultConfigurationName = Release;
		};
/* End XCConfigurationList section */
	};
	rootObject = 9AE955F91EE4FCEF00B2DA6B /* Project object */;
}
